
Microsoft Visual Studio Solution File, Format Version 12.00
# Visual Studio Version 16
VisualStudioVersion = 16.0.29418.71
MinimumVisualStudioVersion = 10.0.40219.1
Project("{FAE04EC0-301F-11D3-BF4B-00C04F79EFBC}") = "PicForm", "PicForm.csproj", "{B99A5069-F977-40BE-AC97-8B778121D69D}"
EndProject
Global
	GlobalSection(SolutionConfigurationPlatforms) = preSolution
		Debug|Any CPU = Debug|Any CPU
		Release|Any CPU = Release|Any CPU
	EndGlobalSection
	GlobalSection(ProjectConfigurationPlatforms) = postSolution
		{B99A5069-F977-40BE-AC97-8B778121D69D}.Debug|Any CPU.ActiveCfg = Debug|Any CPU
		{B99A5069-F977-40BE-AC97-8B778121D69D}.Debug|Any CPU.Build.0 = Debug|Any CPU
		{B99A5069-F977-40BE-AC97-8B778121D69D}.Release|Any CPU.ActiveCfg = Release|Any CPU
		{B99A5069-F977-40BE-AC97-8B778121D69D}.Release|Any CPU.Build.0 = Release|Any CPU
	EndGlobalSection
	GlobalSection(SolutionProperties) = preSolution
		HideSolutionNode = FALSE
	EndGlobalSection
	GlobalSection(ExtensibilityGlobals) = postSolution
		SolutionGuid = {B7249201-9D0A-4F96-ABE5-6C9C2C3F7661}
	EndGlobalSection
EndGlobal
